# This file is generated by running "yarn install" inside your project.
# Manual changes might be lost - proceed with caution!

__metadata:
  version: 4

"async@npm:^2.6.2":
  version: 2.6.3
  resolution: "async@npm:2.6.3"
  dependencies:
    lodash: ^4.17.14
  checksum: 2/5c30ec6f3d64308dd96d56dae16a00a23b9e6278fe8f66492837896d958508698648c59c53457d3fdf05fd04484e16538efeca2be38337cd78df0284e764ab34
  languageName: node
  linkType: hard

"basic-auth@npm:^1.0.3":
  version: 1.1.0
  resolution: "basic-auth@npm:1.1.0"
  checksum: 2/dd75a3730b0e7199c6067a63598cbe39470bc9fcacd67c21c3e442d65124909001f0d37c0751fed51f06191d598663b3b2c766d42f3e70313e72e3881ab98f7d
  languageName: node
  linkType: hard

"colors@npm:^1.3.3":
  version: 1.4.0
  resolution: "colors@npm:1.4.0"
  checksum: 2/a0f266ac041a9774d92cc9624a984707678d2eeec125d54e8d8231075ce36c24c5352fb5d0f90c6ee420d0f63e354417cec716386ad341309334aad18e32b933
  languageName: node
  linkType: hard

"corser@npm:^2.0.1":
  version: 2.0.1
  resolution: "corser@npm:2.0.1"
  checksum: 2/5af366b3eacfe1e6a0475e65afd30527a39d0b44c62a8889be0e9204399c22f0462acbec5db04e2ad4ed506b05273668a65688c6e6ebfbcc507a4097592698c2
  languageName: node
  linkType: hard

"debug@npm:^3.0.0, debug@npm:^3.1.1":
  version: 3.2.6
  resolution: "debug@npm:3.2.6"
  dependencies:
    ms: ^2.1.1
  checksum: 2/619feb53b115f1a8341365b8aa58a8757e6632738587d4b61b25627b74891211cb20e31fdbea37fec766e575a60cf456f7a02d6f9eddfdcef80caa6a4b0fc042
  languageName: node
  linkType: hard

"ecstatic@npm:^3.3.2":
  version: 3.3.2
  resolution: "ecstatic@npm:3.3.2"
  dependencies:
    he: ^1.1.1
    mime: ^1.6.0
    minimist: ^1.1.0
    url-join: ^2.0.5
  bin:
    ecstatic: ./lib/ecstatic.js
  checksum: 2/a6185a71daa21e8bdbaca3117e9eda90edc40d85c34eb1c0af3209a162cd8385624f15e46940f1dcfe96bad01fc82fa0df09caa51d7a052637eb22dd11c1426f
  languageName: node
  linkType: hard

"eventemitter3@npm:^4.0.0":
  version: 4.0.0
  resolution: "eventemitter3@npm:4.0.0"
  checksum: 2/af47e3a6e2c7492547b5de5afa02c8d37b48f822461827def23aa215154c9008438542985c77b47594696871dfe97c5d0fecccb844150ca15aa4c2f3dcd088b7
  languageName: node
  linkType: hard

"follow-redirects@npm:^1.0.0":
  version: 1.10.0
  resolution: "follow-redirects@npm:1.10.0"
  dependencies:
    debug: ^3.0.0
  checksum: 2/e8d884d0da932dcf64f8f45769f22cdb38a4ad7a889017e1221f4d306ed2dbfdc6c9ce2261dee82727fe5e0272a7b17761068fcff5709d34b453f0400414ea94
  languageName: node
  linkType: hard

"he@npm:^1.1.1":
  version: 1.2.0
  resolution: "he@npm:1.2.0"
  bin:
    he: bin/he
  checksum: 2/212122003c20c8c17ac0c83a419b4c8e835411ff6ab9195d053ea6e4a0597cc005b5b8eabcbd57b0b0c0fe676f0049e09315845fff4e051198845491cbba260e
  languageName: node
  linkType: hard

"http-proxy@npm:^1.17.0":
  version: 1.18.0
  resolution: "http-proxy@npm:1.18.0"
  dependencies:
    eventemitter3: ^4.0.0
    follow-redirects: ^1.0.0
    requires-port: ^1.0.0
  checksum: 2/7b7b93f4c1894b58904af182746f9ad51531a28d32c694029ea5356cbf5b83b68b6618d7239fdaae486dffed3858b20f1ffc68c2a709282226abb481e3cc2640
  languageName: node
  linkType: hard

"http-server@npm:^0.12.1":
  version: 0.12.1
  resolution: "http-server@npm:0.12.1"
  dependencies:
    basic-auth: ^1.0.3
    colors: ^1.3.3
    corser: ^2.0.1
    ecstatic: ^3.3.2
    http-proxy: ^1.17.0
    opener: ^1.5.1
    optimist: ~0.6.1
    portfinder: ^1.0.20
    secure-compare: 3.0.1
    union: ~0.5.0
  bin:
    hs: bin/http-server
    http-server: bin/http-server
  checksum: 2/1092cb1bdc23cb3c8d1c6923212bb7f9c591f79b9c3ac4c6fe9858f32f2619759be6775dffd6dceb70c7a8081e1b5c46fb3e16e16f2c56f319962f95b108ce45
  languageName: node
  linkType: hard

"lodash@npm:^4.17.14":
  version: 4.17.15
  resolution: "lodash@npm:4.17.15"
  checksum: 2/aec3fbb7570aa67bda500b8299b1b1821d60646bede87f76a74dfcc7666ab3445267d734ec71424d70809d52ad67a1356fab5ab694a3faa1908d68e9d48f00f5
  languageName: node
  linkType: hard

"mime@npm:^1.6.0":
  version: 1.6.0
  resolution: "mime@npm:1.6.0"
  bin:
    mime: cli.js
  checksum: 2/d540c24dd3e3a9e25e813714e55ff2f7841a3a1a47aed9786c508bd0251653d5e9abbfb1163c0c6e1be99f872d7fa1538c068bd6e306e9cb12dd9affa841a61e
  languageName: node
  linkType: hard

"minimist@npm:0.0.8":
  version: 0.0.8
  resolution: "minimist@npm:0.0.8"
  checksum: 2/d71c4684bce92f9c0500e103498adb5e45bbda551763132a703306c2dab6f3a1f69eb6448c3ff3ea73fb562285dfd6ee3a354d5c0e5dd52e3d5f3037c82c0935
  languageName: node
  linkType: hard

"minimist@npm:^1.1.0":
  version: 1.2.0
  resolution: "minimist@npm:1.2.0"
  checksum: 2/80a1a219c0243e870be65b9605e2711eb5ce08639ae4ea8d8bbf8997d4eafe8a6b2af856c3e19c33f51faf40025f23c7668c7b916bca6f72e1bc2cf9189526ff
  languageName: node
  linkType: hard

"minimist@npm:~0.0.1":
  version: 0.0.10
  resolution: "minimist@npm:0.0.10"
  checksum: 2/2e45f013789db167eaffc5954531cd6adc9d1bcf86498b1a1de87f8aa4a3bb8ff393226107046a3e681e04e3ca8997156c9d7cf3a03a223ed5b535ae71d2e66e
  languageName: node
  linkType: hard

"mkdirp@npm:^0.5.1":
  version: 0.5.1
  resolution: "mkdirp@npm:0.5.1"
  dependencies:
    minimist: 0.0.8
  bin:
    mkdirp: bin/cmd.js
  checksum: 2/8ef65f4f0c7642b2f6e7af417eb9f3f24e8d1e4d612eddc5b1ee3b0ef974ccfaafb38bba6cc9178510c5aae82a6ef9ad85037448c9856b2fb8308162a7c8987e
  languageName: node
  linkType: hard

"ms@npm:^2.1.1":
  version: 2.1.2
  resolution: "ms@npm:2.1.2"
  checksum: 2/9b65fb709bc30c0c07289dcbdb61ca032acbb9ea5698b55fa62e2cebb04c5953f1876a1f3f7f4bc2e91d4bf4d86003f3e207c3bc6ee2f716f99827e62389cd0e
  languageName: node
  linkType: hard

"opener@npm:^1.5.1":
  version: 1.5.1
  resolution: "opener@npm:1.5.1"
  bin:
    opener: bin/opener-bin.js
  checksum: 2/055a1efdc206e1c8ac37ca1d62e16de84c7f6ae48883ac1898f1b8e9e9b918979fe747d439b249975c707b911073072ddc933fa1993d8a7345b729393466fbbf
  languageName: node
  linkType: hard

"optimist@npm:~0.6.1":
  version: 0.6.1
  resolution: "optimist@npm:0.6.1"
  dependencies:
    minimist: ~0.0.1
    wordwrap: ~0.0.2
  checksum: 2/14cb755f3864ce3459219e1c6a7cd043c7de14f0e6ec5acfc774728e9974a50ae153ebebfcf8a3d38f7bf273e120c6aae735b99d17377fa2c2e867df33402c16
  languageName: node
  linkType: hard

"portfinder@npm:^1.0.20":
  version: 1.0.25
  resolution: "portfinder@npm:1.0.25"
  dependencies:
    async: ^2.6.2
    debug: ^3.1.1
    mkdirp: ^0.5.1
  checksum: 2/0a88247699b733cfd6b2b2384068099c0a8ec23a59ff4acc0793f9fb2e51816344ec18d2ba3edfc83a7a6d0bcc76f1d2fb0b188e82160e46d8cae471ea26c001
  languageName: node
  linkType: hard

"qs@npm:^6.4.0":
  version: 6.9.1
  resolution: "qs@npm:6.9.1"
  checksum: 2/acc162048da4faa4cf65544b2bc7f3df35dd167c1796a0ef82c857e77844bb002ce14b678cd9be442ddc31cb8cb71d719c68a460cf11ada63b3e69ca1f70aa3b
  languageName: node
  linkType: hard

"requires-port@npm:^1.0.0":
  version: 1.0.0
  resolution: "requires-port@npm:1.0.0"
  checksum: 2/0db25fb2ac9b4f2345a350846b7ba99d1f25a6686b1728246d14f05450c8f2fc066bdfae4561b4be2627c184a030a27e17268cfefdf46836e271db13734bc49e
  languageName: node
  linkType: hard

"secure-compare@npm:3.0.1":
  version: 3.0.1
  resolution: "secure-compare@npm:3.0.1"
  checksum: 2/6444a93f74532ca0628698461fbad281efcb826268f31dcc492823eef4be9c6d9254000e296189f7173db8774f3527e13d0e757020d2c3c683ba64f899c3600e
  languageName: node
  linkType: hard

"union@npm:~0.5.0":
  version: 0.5.0
  resolution: "union@npm:0.5.0"
  dependencies:
    qs: ^6.4.0
  checksum: 2/38d86c00ee687fe2a6a8a823293550dee10a09eb11217cf8a75c8b2a256c67be8d6281a3874c3ca7c1e83c6741726fea5f1483b1435b2a56c837511975730e36
  languageName: node
  linkType: hard

"url-join@npm:^2.0.5":
  version: 2.0.5
  resolution: "url-join@npm:2.0.5"
  checksum: 2/142e04d81bd5c2c71d6f499d20d97360e64c0654f691ed098514539508eb23ab2805ef33408b2718359e50ff35d5a841f607dc6d7d5e55b8bfc5906c6f7ddcb6
  languageName: node
  linkType: hard

"wordwrap@npm:~0.0.2":
  version: 0.0.3
  resolution: "wordwrap@npm:0.0.3"
  checksum: 2/e8c84baa721bd7bc13a88e52e1bc25dd4d14accedafe04d24fbc400ba74ae6d620ac4eff5425d5cab342d1ff43f74396272492039b7d7a804bffd2039a153ff0
  languageName: node
  linkType: hard

"yarn-sigterm-repro@workspace:.":
  version: 0.0.0-use.local
  resolution: "yarn-sigterm-repro@workspace:."
  dependencies:
    http-server: ^0.12.1
  languageName: unknown
  linkType: soft
